
Microsoft Visual Studio Solution File, Format Version 12.00
# Visual Studio Version 17
VisualStudioVersion = 17.7.34031.279
MinimumVisualStudioVersion = 10.0.40219.1
Project("{FAE04EC0-301F-11D3-BF4B-00C04F79EFBC}") = "Conversioni", "Conversioni\Conversioni.csproj", "{44C3B157-CA90-4362-8E7C-47858C68C679}"
EndProject
Global
	GlobalSection(SolutionConfigurationPlatforms) = preSolution
		Debug|Any CPU = Debug|Any CPU
		Release|Any CPU = Release|Any CPU
	EndGlobalSection
	GlobalSection(ProjectConfigurationPlatforms) = postSolution
		{44C3B157-CA90-4362-8E7C-47858C68C679}.Debug|Any CPU.ActiveCfg = Debug|Any CPU
		{44C3B157-CA90-4362-8E7C-47858C68C679}.Debug|Any CPU.Build.0 = Debug|Any CPU
		{44C3B157-CA90-4362-8E7C-47858C68C679}.Release|Any CPU.ActiveCfg = Release|Any CPU
		{44C3B157-CA90-4362-8E7C-47858C68C679}.Release|Any CPU.Build.0 = Release|Any CPU
	EndGlobalSection
	GlobalSection(SolutionProperties) = preSolution
		HideSolutionNode = FALSE
	EndGlobalSection
	GlobalSection(ExtensibilityGlobals) = postSolution
		SolutionGuid = {61E0AA37-8B9A-42C2-A13F-E48AA90BF0B6}
	EndGlobalSection
EndGlobal
