
Microsoft Visual Studio Solution File, Format Version 12.00
# Visual Studio Version 17
VisualStudioVersion = 17.7.34031.279
MinimumVisualStudioVersion = 10.0.40219.1
Project("{FAE04EC0-301F-11D3-BF4B-00C04F79EFBC}") = "esCheru", "esCheru\esCheru.csproj", "{B0E12C12-FC3C-46D1-ABD8-7EC53F8890B2}"
EndProject
Global
	GlobalSection(SolutionConfigurationPlatforms) = preSolution
		Debug|Any CPU = Debug|Any CPU
		Release|Any CPU = Release|Any CPU
	EndGlobalSection
	GlobalSection(ProjectConfigurationPlatforms) = postSolution
		{B0E12C12-FC3C-46D1-ABD8-7EC53F8890B2}.Debug|Any CPU.ActiveCfg = Debug|Any CPU
		{B0E12C12-FC3C-46D1-ABD8-7EC53F8890B2}.Debug|Any CPU.Build.0 = Debug|Any CPU
		{B0E12C12-FC3C-46D1-ABD8-7EC53F8890B2}.Release|Any CPU.ActiveCfg = Release|Any CPU
		{B0E12C12-FC3C-46D1-ABD8-7EC53F8890B2}.Release|Any CPU.Build.0 = Release|Any CPU
	EndGlobalSection
	GlobalSection(SolutionProperties) = preSolution
		HideSolutionNode = FALSE
	EndGlobalSection
	GlobalSection(ExtensibilityGlobals) = postSolution
		SolutionGuid = {2B2A697B-DFD6-4CBE-8C42-8FC064FF76E7}
	EndGlobalSection
EndGlobal
