
Microsoft Visual Studio Solution File, Format Version 12.00
# Visual Studio Version 17
VisualStudioVersion = 17.7.34031.279
MinimumVisualStudioVersion = 10.0.40219.1
Project("{FAE04EC0-301F-11D3-BF4B-00C04F79EFBC}") = "Verifica", "Verifica\Verifica.csproj", "{C66E73F1-0485-46C3-A8E6-A3F342117A67}"
EndProject
Global
	GlobalSection(SolutionConfigurationPlatforms) = preSolution
		Debug|Any CPU = Debug|Any CPU
		Release|Any CPU = Release|Any CPU
	EndGlobalSection
	GlobalSection(ProjectConfigurationPlatforms) = postSolution
		{C66E73F1-0485-46C3-A8E6-A3F342117A67}.Debug|Any CPU.ActiveCfg = Debug|Any CPU
		{C66E73F1-0485-46C3-A8E6-A3F342117A67}.Debug|Any CPU.Build.0 = Debug|Any CPU
		{C66E73F1-0485-46C3-A8E6-A3F342117A67}.Release|Any CPU.ActiveCfg = Release|Any CPU
		{C66E73F1-0485-46C3-A8E6-A3F342117A67}.Release|Any CPU.Build.0 = Release|Any CPU
	EndGlobalSection
	GlobalSection(SolutionProperties) = preSolution
		HideSolutionNode = FALSE
	EndGlobalSection
	GlobalSection(ExtensibilityGlobals) = postSolution
		SolutionGuid = {955A52FD-0A6F-47A2-9B4C-CE26F5598B52}
	EndGlobalSection
EndGlobal
