
Microsoft Visual Studio Solution File, Format Version 12.00
# Visual Studio Version 17
VisualStudioVersion = 17.7.34031.279
MinimumVisualStudioVersion = 10.0.40219.1
Project("{FAE04EC0-301F-11D3-BF4B-00C04F79EFBC}") = "Ip", "Ip\Ip.csproj", "{44FE7717-C9E6-422E-9550-2996471D86BE}"
EndProject
Global
	GlobalSection(SolutionConfigurationPlatforms) = preSolution
		Debug|Any CPU = Debug|Any CPU
		Release|Any CPU = Release|Any CPU
	EndGlobalSection
	GlobalSection(ProjectConfigurationPlatforms) = postSolution
		{44FE7717-C9E6-422E-9550-2996471D86BE}.Debug|Any CPU.ActiveCfg = Debug|Any CPU
		{44FE7717-C9E6-422E-9550-2996471D86BE}.Debug|Any CPU.Build.0 = Debug|Any CPU
		{44FE7717-C9E6-422E-9550-2996471D86BE}.Release|Any CPU.ActiveCfg = Release|Any CPU
		{44FE7717-C9E6-422E-9550-2996471D86BE}.Release|Any CPU.Build.0 = Release|Any CPU
	EndGlobalSection
	GlobalSection(SolutionProperties) = preSolution
		HideSolutionNode = FALSE
	EndGlobalSection
	GlobalSection(ExtensibilityGlobals) = postSolution
		SolutionGuid = {BD62DA19-1E4D-45E1-B1D6-0AB6084BAD9E}
	EndGlobalSection
EndGlobal
