
Microsoft Visual Studio Solution File, Format Version 12.00
# Visual Studio Version 17
VisualStudioVersion = 17.7.34031.279
MinimumVisualStudioVersion = 10.0.40219.1
Project("{FAE04EC0-301F-11D3-BF4B-00C04F79EFBC}") = "AnagrafeListe", "AnagrafeListe\AnagrafeListe.csproj", "{BBBBEB96-E2B7-4409-BD0A-A1E8BB186263}"
EndProject
Global
	GlobalSection(SolutionConfigurationPlatforms) = preSolution
		Debug|Any CPU = Debug|Any CPU
		Release|Any CPU = Release|Any CPU
	EndGlobalSection
	GlobalSection(ProjectConfigurationPlatforms) = postSolution
		{BBBBEB96-E2B7-4409-BD0A-A1E8BB186263}.Debug|Any CPU.ActiveCfg = Debug|Any CPU
		{BBBBEB96-E2B7-4409-BD0A-A1E8BB186263}.Debug|Any CPU.Build.0 = Debug|Any CPU
		{BBBBEB96-E2B7-4409-BD0A-A1E8BB186263}.Release|Any CPU.ActiveCfg = Release|Any CPU
		{BBBBEB96-E2B7-4409-BD0A-A1E8BB186263}.Release|Any CPU.Build.0 = Release|Any CPU
	EndGlobalSection
	GlobalSection(SolutionProperties) = preSolution
		HideSolutionNode = FALSE
	EndGlobalSection
	GlobalSection(ExtensibilityGlobals) = postSolution
		SolutionGuid = {861A577A-AC45-4E6D-9069-1AE32974E284}
	EndGlobalSection
EndGlobal
