
Microsoft Visual Studio Solution File, Format Version 12.00
# Visual Studio Version 16
VisualStudioVersion = 16.0.31402.337
MinimumVisualStudioVersion = 10.0.40219.1
Project("{FAE04EC0-301F-11D3-BF4B-00C04F79EFBC}") = "ConversioneIpInClasse", "ConversioneIpInClasse.csproj", "{2BBB1D8F-8096-4EA6-AC40-56870F47C54F}"
EndProject
Global
	GlobalSection(SolutionConfigurationPlatforms) = preSolution
		Debug|Any CPU = Debug|Any CPU
		Release|Any CPU = Release|Any CPU
	EndGlobalSection
	GlobalSection(ProjectConfigurationPlatforms) = postSolution
		{2BBB1D8F-8096-4EA6-AC40-56870F47C54F}.Debug|Any CPU.ActiveCfg = Debug|Any CPU
		{2BBB1D8F-8096-4EA6-AC40-56870F47C54F}.Debug|Any CPU.Build.0 = Debug|Any CPU
		{2BBB1D8F-8096-4EA6-AC40-56870F47C54F}.Release|Any CPU.ActiveCfg = Release|Any CPU
		{2BBB1D8F-8096-4EA6-AC40-56870F47C54F}.Release|Any CPU.Build.0 = Release|Any CPU
	EndGlobalSection
	GlobalSection(SolutionProperties) = preSolution
		HideSolutionNode = FALSE
	EndGlobalSection
	GlobalSection(ExtensibilityGlobals) = postSolution
		SolutionGuid = {F04D43B6-E6E7-4592-B02B-A54EAA15B819}
	EndGlobalSection
EndGlobal
